
Microsoft Visual Studio Solution File, Format Version 12.00
# Visual Studio 14
VisualStudioVersion = 14.0.25420.1
MinimumVisualStudioVersion = 10.0.40219.1
Project("{2150E333-8FDC-42A3-9474-1A3956D46DE8}") = "BLL", "BLL", "{C9B1C3E4-E152-4DB7-94AC-E1BB314AB11E}"
EndProject
Project("{2150E333-8FDC-42A3-9474-1A3956D46DE8}") = "DAL", "DAL", "{7B6ED430-FA6F-4A55-B7F6-A9728BB25FAF}"
EndProject
Project("{2150E333-8FDC-42A3-9474-1A3956D46DE8}") = "PL", "PL", "{404275FD-AD14-49E2-9B2F-CD06D8C12C63}"
EndProject
Project("{FAE04EC0-301F-11D3-BF4B-00C04F79EFBC}") = "CLASE_BLL", "CLASE_BLL\CLASE_BLL.csproj", "{3F3CC5F6-0A32-4C42-9C00-4D6EEB6D2343}"
EndProject
Project("{FAE04EC0-301F-11D3-BF4B-00C04F79EFBC}") = "CLASES_DAL", "CLASES_DAL\CLASES_DAL.csproj", "{C4914C65-3EC3-4F6A-8699-29E2AF408392}"
EndProject
Project("{FAE04EC0-301F-11D3-BF4B-00C04F79EFBC}") = "APLICACION_PL", "APLICACION_PL\APLICACION_PL.csproj", "{E7E194C6-75D3-497A-B2AB-9E22D5E95C87}"
EndProject
Global
	GlobalSection(SolutionConfigurationPlatforms) = preSolution
		Debug|Any CPU = Debug|Any CPU
		Release|Any CPU = Release|Any CPU
	EndGlobalSection
	GlobalSection(ProjectConfigurationPlatforms) = postSolution
		{3F3CC5F6-0A32-4C42-9C00-4D6EEB6D2343}.Debug|Any CPU.ActiveCfg = Debug|Any CPU
		{3F3CC5F6-0A32-4C42-9C00-4D6EEB6D2343}.Debug|Any CPU.Build.0 = Debug|Any CPU
		{3F3CC5F6-0A32-4C42-9C00-4D6EEB6D2343}.Release|Any CPU.ActiveCfg = Release|Any CPU
		{3F3CC5F6-0A32-4C42-9C00-4D6EEB6D2343}.Release|Any CPU.Build.0 = Release|Any CPU
		{C4914C65-3EC3-4F6A-8699-29E2AF408392}.Debug|Any CPU.ActiveCfg = Debug|Any CPU
		{C4914C65-3EC3-4F6A-8699-29E2AF408392}.Debug|Any CPU.Build.0 = Debug|Any CPU
		{C4914C65-3EC3-4F6A-8699-29E2AF408392}.Release|Any CPU.ActiveCfg = Release|Any CPU
		{C4914C65-3EC3-4F6A-8699-29E2AF408392}.Release|Any CPU.Build.0 = Release|Any CPU
		{E7E194C6-75D3-497A-B2AB-9E22D5E95C87}.Debug|Any CPU.ActiveCfg = Debug|Any CPU
		{E7E194C6-75D3-497A-B2AB-9E22D5E95C87}.Debug|Any CPU.Build.0 = Debug|Any CPU
		{E7E194C6-75D3-497A-B2AB-9E22D5E95C87}.Release|Any CPU.ActiveCfg = Release|Any CPU
		{E7E194C6-75D3-497A-B2AB-9E22D5E95C87}.Release|Any CPU.Build.0 = Release|Any CPU
	EndGlobalSection
	GlobalSection(SolutionProperties) = preSolution
		HideSolutionNode = FALSE
	EndGlobalSection
	GlobalSection(NestedProjects) = preSolution
		{3F3CC5F6-0A32-4C42-9C00-4D6EEB6D2343} = {C9B1C3E4-E152-4DB7-94AC-E1BB314AB11E}
		{C4914C65-3EC3-4F6A-8699-29E2AF408392} = {7B6ED430-FA6F-4A55-B7F6-A9728BB25FAF}
		{E7E194C6-75D3-497A-B2AB-9E22D5E95C87} = {404275FD-AD14-49E2-9B2F-CD06D8C12C63}
	EndGlobalSection
EndGlobal
